// !$*UTF8*$!
{
	archiveVersion = 1;
	classes = {
	};
	objectVersion = 46;
	objects = {

/* Begin PBXFileReference section */
		133E98F2197EF27F00147B0D /* FinalFirst.csv */ = {isa = PBXFileReference; lastKnownFileType = text; path = FinalFirst.csv; sourceTree = "<group>"; };
		137AEADE196C2C8A00210ECD /* main.py */ = {isa = PBXFileReference; fileEncoding = 4; lastKnownFileType = text.script.python; path = main.py; sourceTree = "<group>"; };
		137AEAE1196D9FCA00210ECD /* Final.csv */ = {isa = PBXFileReference; fileEncoding = 4; lastKnownFileType = text; path = Final.csv; sourceTree = "<group>"; };
		137AEAE2196DA40600210ECD /* MyDataSet.csv */ = {isa = PBXFileReference; fileEncoding = 4; lastKnownFileType = text; path = MyDataSet.csv; sourceTree = "<group>"; };
		137AEAE3196F2C0A00210ECD /* CodeHacks.py */ = {isa = PBXFileReference; fileEncoding = 4; lastKnownFileType = text.script.python; path = CodeHacks.py; sourceTree = "<group>"; };
		137AEAE4197125A200210ECD /* UserAccountInfoFinal.csv */ = {isa = PBXFileReference; fileEncoding = 4; lastKnownFileType = text; path = UserAccountInfoFinal.csv; sourceTree = "<group>"; };
		137AEAE519744A5C00210ECD /* LocationCodes.txt */ = {isa = PBXFileReference; fileEncoding = 4; lastKnownFileType = text; path = LocationCodes.txt; sourceTree = "<group>"; };
		137AEAE6197465BB00210ECD /* 1.csv */ = {isa = PBXFileReference; lastKnownFileType = text; path = 1.csv; sourceTree = "<group>"; };
		137AEAE81975B00300210ECD /* Test.csv */ = {isa = PBXFileReference; fileEncoding = 4; lastKnownFileType = text; path = Test.csv; sourceTree = "<group>"; };
		137AEAE91976A48000210ECD /* utility.py */ = {isa = PBXFileReference; fileEncoding = 4; lastKnownFileType = text.script.python; path = utility.py; sourceTree = "<group>"; };
		13BB5C3F1981641B004A52CC /* FinalSecond.csv */ = {isa = PBXFileReference; fileEncoding = 4; lastKnownFileType = text; path = FinalSecond.csv; sourceTree = "<group>"; };
		13BB5C40198197AD004A52CC /* UserAccountDuplicateForVisualisation.xlsx */ = {isa = PBXFileReference; lastKnownFileType = file; path = UserAccountDuplicateForVisualisation.xlsx; sourceTree = "<group>"; };
		13BC617E19879A0400CBFE78 /* SVM.py */ = {isa = PBXFileReference; fileEncoding = 4; lastKnownFileType = text.script.python; path = SVM.py; sourceTree = "<group>"; };
		13BC617F1987B95800CBFE78 /* DataManipulation.py */ = {isa = PBXFileReference; fileEncoding = 4; lastKnownFileType = text.script.python; path = DataManipulation.py; sourceTree = "<group>"; };
		13ECC210198BE54F00849C70 /* RandomForests.py */ = {isa = PBXFileReference; fileEncoding = 4; lastKnownFileType = text.script.python; path = RandomForests.py; sourceTree = "<group>"; };
/* End PBXFileReference section */

/* Begin PBXGroup section */
		137AEAD3196C2C4F00210ECD = {
			isa = PBXGroup;
			children = (
				13ECC210198BE54F00849C70 /* RandomForests.py */,
				13BC617F1987B95800CBFE78 /* DataManipulation.py */,
				13BC617E19879A0400CBFE78 /* SVM.py */,
				137AEAE91976A48000210ECD /* utility.py */,
				137AEAE519744A5C00210ECD /* LocationCodes.txt */,
				137AEAE3196F2C0A00210ECD /* CodeHacks.py */,
				137AEADE196C2C8A00210ECD /* main.py */,
				133E98F2197EF27F00147B0D /* FinalFirst.csv */,
				137AEAE1196D9FCA00210ECD /* Final.csv */,
				137AEAE2196DA40600210ECD /* MyDataSet.csv */,
				137AEAE4197125A200210ECD /* UserAccountInfoFinal.csv */,
				137AEAE6197465BB00210ECD /* 1.csv */,
				137AEAE81975B00300210ECD /* Test.csv */,
				13BB5C3F1981641B004A52CC /* FinalSecond.csv */,
				13BB5C40198197AD004A52CC /* UserAccountDuplicateForVisualisation.xlsx */,
			);
			sourceTree = "<group>";
		};
/* End PBXGroup section */

/* Begin PBXLegacyTarget section */
		137AEAD8196C2C4F00210ECD /* SupportVectorMachine */ = {
			isa = PBXLegacyTarget;
			buildArgumentsString = "$(ACTION)";
			buildConfigurationList = 137AEADB196C2C4F00210ECD /* Build configuration list for PBXLegacyTarget "SupportVectorMachine" */;
			buildPhases = (
			);
			buildToolPath = /usr/bin/python;
			dependencies = (
			);
			name = SupportVectorMachine;
			passBuildSettingsInEnvironment = 1;
			productName = SupportVectorMachine;
		};
/* End PBXLegacyTarget section */

/* Begin PBXProject section */
		137AEAD4196C2C4F00210ECD /* Project object */ = {
			isa = PBXProject;
			attributes = {
				LastUpgradeCheck = 0510;
				ORGANIZATIONNAME = OxfordUniversity;
			};
			buildConfigurationList = 137AEAD7196C2C4F00210ECD /* Build configuration list for PBXProject "SupportVectorMachine" */;
			compatibilityVersion = "Xcode 3.2";
			developmentRegion = English;
			hasScannedForEncodings = 0;
			knownRegions = (
				en,
			);
			mainGroup = 137AEAD3196C2C4F00210ECD;
			projectDirPath = "";
			projectRoot = "";
			targets = (
				137AEAD8196C2C4F00210ECD /* SupportVectorMachine */,
			);
		};
/* End PBXProject section */

/* Begin XCBuildConfiguration section */
		137AEAD9196C2C4F00210ECD /* Debug */ = {
			isa = XCBuildConfiguration;
			buildSettings = {
				ALWAYS_SEARCH_USER_PATHS = NO;
				CLANG_CXX_LANGUAGE_STANDARD = "gnu++0x";
				CLANG_CXX_LIBRARY = "libc++";
				CLANG_ENABLE_MODULES = YES;
				CLANG_ENABLE_OBJC_ARC = YES;
				CLANG_WARN_BOOL_CONVERSION = YES;
				CLANG_WARN_CONSTANT_CONVERSION = YES;
				CLANG_WARN_DIRECT_OBJC_ISA_USAGE = YES_ERROR;
				CLANG_WARN_EMPTY_BODY = YES;
				CLANG_WARN_ENUM_CONVERSION = YES;
				CLANG_WARN_INT_CONVERSION = YES;
				CLANG_WARN_OBJC_ROOT_CLASS = YES_ERROR;
				CLANG_WARN__DUPLICATE_METHOD_MATCH = YES;
				COPY_PHASE_STRIP = NO;
				GCC_C_LANGUAGE_STANDARD = gnu99;
				GCC_DYNAMIC_NO_PIC = NO;
				GCC_ENABLE_OBJC_EXCEPTIONS = YES;
				GCC_OPTIMIZATION_LEVEL = 0;
				GCC_PREPROCESSOR_DEFINITIONS = (
					"DEBUG=1",
					"$(inherited)",
				);
				GCC_SYMBOLS_PRIVATE_EXTERN = NO;
				GCC_WARN_64_TO_32_BIT_CONVERSION = YES;
				GCC_WARN_ABOUT_RETURN_TYPE = YES_ERROR;
				GCC_WARN_UNDECLARED_SELECTOR = YES;
				GCC_WARN_UNINITIALIZED_AUTOS = YES_AGGRESSIVE;
				GCC_WARN_UNUSED_FUNCTION = YES;
				GCC_WARN_UNUSED_VARIABLE = YES;
				MACOSX_DEPLOYMENT_TARGET = 10.9;
				ONLY_ACTIVE_ARCH = YES;
				SDKROOT = macosx;
			};
			name = Debug;
		};
		137AEADA196C2C4F00210ECD /* Release */ = {
			isa = XCBuildConfiguration;
			buildSettings = {
				ALWAYS_SEARCH_USER_PATHS = NO;
				CLANG_CXX_LANGUAGE_STANDARD = "gnu++0x";
				CLANG_CXX_LIBRARY = "libc++";
				CLANG_ENABLE_MODULES = YES;
				CLANG_ENABLE_OBJC_ARC = YES;
				CLANG_WARN_BOOL_CONVERSION = YES;
				CLANG_WARN_CONSTANT_CONVERSION = YES;
				CLANG_WARN_DIRECT_OBJC_ISA_USAGE = YES_ERROR;
				CLANG_WARN_EMPTY_BODY = YES;
				CLANG_WARN_ENUM_CONVERSION = YES;
				CLANG_WARN_INT_CONVERSION = YES;
				CLANG_WARN_OBJC_ROOT_CLASS = YES_ERROR;
				CLANG_WARN__DUPLICATE_METHOD_MATCH = YES;
				COPY_PHASE_STRIP = YES;
				DEBUG_INFORMATION_FORMAT = "dwarf-with-dsym";
				ENABLE_NS_ASSERTIONS = NO;
				GCC_C_LANGUAGE_STANDARD = gnu99;
				GCC_ENABLE_OBJC_EXCEPTIONS = YES;
				GCC_WARN_64_TO_32_BIT_CONVERSION = YES;
				GCC_WARN_ABOUT_RETURN_TYPE = YES_ERROR;
				GCC_WARN_UNDECLARED_SELECTOR = YES;
				GCC_WARN_UNINITIALIZED_AUTOS = YES_AGGRESSIVE;
				GCC_WARN_UNUSED_FUNCTION = YES;
				GCC_WARN_UNUSED_VARIABLE = YES;
				MACOSX_DEPLOYMENT_TARGET = 10.9;
				SDKROOT = macosx;
			};
			name = Release;
		};
		137AEADC196C2C4F00210ECD /* Debug */ = {
			isa = XCBuildConfiguration;
			buildSettings = {
				DEBUGGING_SYMBOLS = YES;
				GCC_GENERATE_DEBUGGING_SYMBOLS = YES;
				GCC_OPTIMIZATION_LEVEL = 0;
				OTHER_CFLAGS = "";
				OTHER_LDFLAGS = "";
				PRODUCT_NAME = "$(TARGET_NAME)";
			};
			name = Debug;
		};
		137AEADD196C2C4F00210ECD /* Release */ = {
			isa = XCBuildConfiguration;
			buildSettings = {
				OTHER_CFLAGS = "";
				OTHER_LDFLAGS = "";
				PRODUCT_NAME = "$(TARGET_NAME)";
			};
			name = Release;
		};
/* End XCBuildConfiguration section */

/* Begin XCConfigurationList section */
		137AEAD7196C2C4F00210ECD /* Build configuration list for PBXProject "SupportVectorMachine" */ = {
			isa = XCConfigurationList;
			buildConfigurations = (
				137AEAD9196C2C4F00210ECD /* Debug */,
				137AEADA196C2C4F00210ECD /* Release */,
			);
			defaultConfigurationIsVisible = 0;
			defaultConfigurationName = Release;
		};
		137AEADB196C2C4F00210ECD /* Build configuration list for PBXLegacyTarget "SupportVectorMachine" */ = {
			isa = XCConfigurationList;
			buildConfigurations = (
				137AEADC196C2C4F00210ECD /* Debug */,
				137AEADD196C2C4F00210ECD /* Release */,
			);
			defaultConfigurationIsVisible = 0;
			defaultConfigurationName = Release;
		};
/* End XCConfigurationList section */
	};
	rootObject = 137AEAD4196C2C4F00210ECD /* Project object */;
}
